// !$*UTF8*$!
{
	archiveVersion = 1;
	classes = {
	};
	objectVersion = 50;
	objects = {

/* Begin PBXBuildFile section */
		E928E7F82603FEE900F821DE /* AppDelegate.swift in Sources */ = {isa = PBXBuildFile; fileRef = E928E7F72603FEE900F821DE /* AppDelegate.swift */; };
		E928E7FA2603FEE900F821DE /* SceneDelegate.swift in Sources */ = {isa = PBXBuildFile; fileRef = E928E7F92603FEE900F821DE /* SceneDelegate.swift */; };
		E928E7FC2603FEE900F821DE /* ViewController.swift in Sources */ = {isa = PBXBuildFile; fileRef = E928E7FB2603FEE900F821DE /* ViewController.swift */; };
		E928E7FF2603FEE900F821DE /* Main.storyboard in Resources */ = {isa = PBXBuildFile; fileRef = E928E7FD2603FEE900F821DE /* Main.storyboard */; };
		E928E8012603FEEE00F821DE /* Assets.xcassets in Resources */ = {isa = PBXBuildFile; fileRef = E928E8002603FEEE00F821DE /* Assets.xcassets */; };
		E928E8042603FEEE00F821DE /* LaunchScreen.storyboard in Resources */ = {isa = PBXBuildFile; fileRef = E928E8022603FEEE00F821DE /* LaunchScreen.storyboard */; };
		E928E80F2603FEEF00F821DE /* ParstagramTests.swift in Sources */ = {isa = PBXBuildFile; fileRef = E928E80E2603FEEF00F821DE /* ParstagramTests.swift */; };
		E928E81A2603FEEF00F821DE /* ParstagramUITests.swift in Sources */ = {isa = PBXBuildFile; fileRef = E928E8192603FEEF00F821DE /* ParstagramUITests.swift */; };
/* End PBXBuildFile section */

/* Begin PBXContainerItemProxy section */
		E928E80B2603FEEF00F821DE /* PBXContainerItemProxy */ = {
			isa = PBXContainerItemProxy;
			containerPortal = E928E7EC2603FEE900F821DE /* Project object */;
			proxyType = 1;
			remoteGlobalIDString = E928E7F32603FEE900F821DE;
			remoteInfo = Parstagram;
		};
		E928E8162603FEEF00F821DE /* PBXContainerItemProxy */ = {
			isa = PBXContainerItemProxy;
			containerPortal = E928E7EC2603FEE900F821DE /* Project object */;
			proxyType = 1;
			remoteGlobalIDString = E928E7F32603FEE900F821DE;
			remoteInfo = Parstagram;
		};
/* End PBXContainerItemProxy section */

/* Begin PBXFileReference section */
		E928E7F42603FEE900F821DE /* Parstagram.app */ = {isa = PBXFileReference; explicitFileType = wrapper.application; includeInIndex = 0; path = Parstagram.app; sourceTree = BUILT_PRODUCTS_DIR; };
		E928E7F72603FEE900F821DE /* AppDelegate.swift */ = {isa = PBXFileReference; lastKnownFileType = sourcecode.swift; path = AppDelegate.swift; sourceTree = "<group>"; };
		E928E7F92603FEE900F821DE /* SceneDelegate.swift */ = {isa = PBXFileReference; lastKnownFileType = sourcecode.swift; path = SceneDelegate.swift; sourceTree = "<group>"; };
		E928E7FB2603FEE900F821DE /* ViewController.swift */ = {isa = PBXFileReference; lastKnownFileType = sourcecode.swift; path = ViewController.swift; sourceTree = "<group>"; };
		E928E7FE2603FEE900F821DE /* Base */ = {isa = PBXFileReference; lastKnownFileType = file.storyboard; name = Base; path = Base.lproj/Main.storyboard; sourceTree = "<group>"; };
		E928E8002603FEEE00F821DE /* Assets.xcassets */ = {isa = PBXFileReference; lastKnownFileType = folder.assetcatalog; path = Assets.xcassets; sourceTree = "<group>"; };
		E928E8032603FEEE00F821DE /* Base */ = {isa = PBXFileReference; lastKnownFileType = file.storyboard; name = Base; path = Base.lproj/LaunchScreen.storyboard; sourceTree = "<group>"; };
		E928E8052603FEEE00F821DE /* Info.plist */ = {isa = PBXFileReference; lastKnownFileType = text.plist.xml; path = Info.plist; sourceTree = "<group>"; };
		E928E80A2603FEEF00F821DE /* ParstagramTests.xctest */ = {isa = PBXFileReference; explicitFileType = wrapper.cfbundle; includeInIndex = 0; path = ParstagramTests.xctest; sourceTree = BUILT_PRODUCTS_DIR; };
		E928E80E2603FEEF00F821DE /* ParstagramTests.swift */ = {isa = PBXFileReference; lastKnownFileType = sourcecode.swift; path = ParstagramTests.swift; sourceTree = "<group>"; };
		E928E8102603FEEF00F821DE /* Info.plist */ = {isa = PBXFileReference; lastKnownFileType = text.plist.xml; path = Info.plist; sourceTree = "<group>"; };
		E928E8152603FEEF00F821DE /* ParstagramUITests.xctest */ = {isa = PBXFileReference; explicitFileType = wrapper.cfbundle; includeInIndex = 0; path = ParstagramUITests.xctest; sourceTree = BUILT_PRODUCTS_DIR; };
		E928E8192603FEEF00F821DE /* ParstagramUITests.swift */ = {isa = PBXFileReference; lastKnownFileType = sourcecode.swift; path = ParstagramUITests.swift; sourceTree = "<group>"; };
		E928E81B2603FEEF00F821DE /* Info.plist */ = {isa = PBXFileReference; lastKnownFileType = text.plist.xml; path = Info.plist; sourceTree = "<group>"; };
/* End PBXFileReference section */

/* Begin PBXFrameworksBuildPhase section */
		E928E7F12603FEE900F821DE /* Frameworks */ = {
			isa = PBXFrameworksBuildPhase;
			buildActionMask = 2147483647;
			files = (
			);
			runOnlyForDeploymentPostprocessing = 0;
		};
		E928E8072603FEEF00F821DE /* Frameworks */ = {
			isa = PBXFrameworksBuildPhase;
			buildActionMask = 2147483647;
			files = (
			);
			runOnlyForDeploymentPostprocessing = 0;
		};
		E928E8122603FEEF00F821DE /* Frameworks */ = {
			isa = PBXFrameworksBuildPhase;
			buildActionMask = 2147483647;
			files = (
			);
			runOnlyForDeploymentPostprocessing = 0;
		};
/* End PBXFrameworksBuildPhase section */

/* Begin PBXGroup section */
		E928E7EB2603FEE900F821DE = {
			isa = PBXGroup;
			children = (
				E928E7F62603FEE900F821DE /* Parstagram */,
				E928E80D2603FEEF00F821DE /* ParstagramTests */,
				E928E8182603FEEF00F821DE /* ParstagramUITests */,
				E928E7F52603FEE900F821DE /* Products */,
			);
			sourceTree = "<group>";
		};
		E928E7F52603FEE900F821DE /* Products */ = {
			isa = PBXGroup;
			children = (
				E928E7F42603FEE900F821DE /* Parstagram.app */,
				E928E80A2603FEEF00F821DE /* ParstagramTests.xctest */,
				E928E8152603FEEF00F821DE /* ParstagramUITests.xctest */,
			);
			name = Products;
			sourceTree = "<group>";
		};
		E928E7F62603FEE900F821DE /* Parstagram */ = {
			isa = PBXGroup;
			children = (
				E928E7F72603FEE900F821DE /* AppDelegate.swift */,
				E928E7F92603FEE900F821DE /* SceneDelegate.swift */,
				E928E7FB2603FEE900F821DE /* ViewController.swift */,
				E928E7FD2603FEE900F821DE /* Main.storyboard */,
				E928E8002603FEEE00F821DE /* Assets.xcassets */,
				E928E8022603FEEE00F821DE /* LaunchScreen.storyboard */,
				E928E8052603FEEE00F821DE /* Info.plist */,
			);
			path = Parstagram;
			sourceTree = "<group>";
		};
		E928E80D2603FEEF00F821DE /* ParstagramTests */ = {
			isa = PBXGroup;
			children = (
				E928E80E2603FEEF00F821DE /* ParstagramTests.swift */,
				E928E8102603FEEF00F821DE /* Info.plist */,
			);
			path = ParstagramTests;
			sourceTree = "<group>";
		};
		E928E8182603FEEF00F821DE /* ParstagramUITests */ = {
			isa = PBXGroup;
			children = (
				E928E8192603FEEF00F821DE /* ParstagramUITests.swift */,
				E928E81B2603FEEF00F821DE /* Info.plist */,
			);
			path = ParstagramUITests;
			sourceTree = "<group>";
		};
/* End PBXGroup section */

/* Begin PBXNativeTarget section */
		E928E7F32603FEE900F821DE /* Parstagram */ = {
			isa = PBXNativeTarget;
			buildConfigurationList = E928E81E2603FEEF00F821DE /* Build configuration list for PBXNativeTarget "Parstagram" */;
			buildPhases = (
				E928E7F02603FEE900F821DE /* Sources */,
				E928E7F12603FEE900F821DE /* Frameworks */,
				E928E7F22603FEE900F821DE /* Resources */,
			);
			buildRules = (
			);
			dependencies = (
			);
			name = Parstagram;
			productName = Parstagram;
			productReference = E928E7F42603FEE900F821DE /* Parstagram.app */;
			productType = "com.apple.product-type.application";
		};
		E928E8092603FEEF00F821DE /* ParstagramTests */ = {
			isa = PBXNativeTarget;
			buildConfigurationList = E928E8212603FEEF00F821DE /* Build configuration list for PBXNativeTarget "ParstagramTests" */;
			buildPhases = (
				E928E8062603FEEF00F821DE /* Sources */,
				E928E8072603FEEF00F821DE /* Frameworks */,
				E928E8082603FEEF00F821DE /* Resources */,
			);
			buildRules = (
			);
			dependencies = (
				E928E80C2603FEEF00F821DE /* PBXTargetDependency */,
			);
			name = ParstagramTests;
			productName = ParstagramTests;
			productReference = E928E80A2603FEEF00F821DE /* ParstagramTests.xctest */;
			productType = "com.apple.product-type.bundle.unit-test";
		};
		E928E8142603FEEF00F821DE /* ParstagramUITests */ = {
			isa = PBXNativeTarget;
			buildConfigurationList = E928E8242603FEEF00F821DE /* Build configuration list for PBXNativeTarget "ParstagramUITests" */;
			buildPhases = (
				E928E8112603FEEF00F821DE /* Sources */,
				E928E8122603FEEF00F821DE /* Frameworks */,
				E928E8132603FEEF00F821DE /* Resources */,
			);
			buildRules = (
			);
			dependencies = (
				E928E8172603FEEF00F821DE /* PBXTargetDependency */,
			);
			name = ParstagramUITests;
			productName = ParstagramUITests;
			productReference = E928E8152603FEEF00F821DE /* ParstagramUITests.xctest */;
			productType = "com.apple.product-type.bundle.ui-testing";
		};
/* End PBXNativeTarget section */

/* Begin PBXProject section */
		E928E7EC2603FEE900F821DE /* Project object */ = {
			isa = PBXProject;
			attributes = {
				LastSwiftUpdateCheck = 1240;
				LastUpgradeCheck = 1240;
				TargetAttributes = {
					E928E7F32603FEE900F821DE = {
						CreatedOnToolsVersion = 12.4;
					};
					E928E8092603FEEF00F821DE = {
						CreatedOnToolsVersion = 12.4;
						TestTargetID = E928E7F32603FEE900F821DE;
					};
					E928E8142603FEEF00F821DE = {
						CreatedOnToolsVersion = 12.4;
						TestTargetID = E928E7F32603FEE900F821DE;
					};
				};
			};
			buildConfigurationList = E928E7EF2603FEE900F821DE /* Build configuration list for PBXProject "Parstagram" */;
			compatibilityVersion = "Xcode 9.3";
			developmentRegion = en;
			hasScannedForEncodings = 0;
			knownRegions = (
				en,
				Base,
			);
			mainGroup = E928E7EB2603FEE900F821DE;
			productRefGroup = E928E7F52603FEE900F821DE /* Products */;
			projectDirPath = "";
			projectRoot = "";
			targets = (
				E928E7F32603FEE900F821DE /* Parstagram */,
				E928E8092603FEEF00F821DE /* ParstagramTests */,
				E928E8142603FEEF00F821DE /* ParstagramUITests */,
			);
		};
/* End PBXProject section */

/* Begin PBXResourcesBuildPhase section */
		E928E7F22603FEE900F821DE /* Resources */ = {
			isa = PBXResourcesBuildPhase;
			buildActionMask = 2147483647;
			files = (
				E928E8042603FEEE00F821DE /* LaunchScreen.storyboard in Resources */,
				E928E8012603FEEE00F821DE /* Assets.xcassets in Resources */,
				E928E7FF2603FEE900F821DE /* Main.storyboard in Resources */,
			);
			runOnlyForDeploymentPostprocessing = 0;
		};
		E928E8082603FEEF00F821DE /* Resources */ = {
			isa = PBXResourcesBuildPhase;
			buildActionMask = 2147483647;
			files = (
			);
			runOnlyForDeploymentPostprocessing = 0;
		};
		E928E8132603FEEF00F821DE /* Resources */ = {
			isa = PBXResourcesBuildPhase;
			buildActionMask = 2147483647;
			files = (
			);
			runOnlyForDeploymentPostprocessing = 0;
		};
/* End PBXResourcesBuildPhase section */

/* Begin PBXSourcesBuildPhase section */
		E928E7F02603FEE900F821DE /* Sources */ = {
			isa = PBXSourcesBuildPhase;
			buildActionMask = 2147483647;
			files = (
				E928E7FC2603FEE900F821DE /* ViewController.swift in Sources */,
				E928E7F82603FEE900F821DE /* AppDelegate.swift in Sources */,
				E928E7FA2603FEE900F821DE /* SceneDelegate.swift in Sources */,
			);
			runOnlyForDeploymentPostprocessing = 0;
		};
		E928E8062603FEEF00F821DE /* Sources */ = {
			isa = PBXSourcesBuildPhase;
			buildActionMask = 2147483647;
			files = (
				E928E80F2603FEEF00F821DE /* ParstagramTests.swift in Sources */,
			);
			runOnlyForDeploymentPostprocessing = 0;
		};
		E928E8112603FEEF00F821DE /* Sources */ = {
			isa = PBXSourcesBuildPhase;
			buildActionMask = 2147483647;
			files = (
				E928E81A2603FEEF00F821DE /* ParstagramUITests.swift in Sources */,
			);
			runOnlyForDeploymentPostprocessing = 0;
		};
/* End PBXSourcesBuildPhase section */

/* Begin PBXTargetDependency section */
		E928E80C2603FEEF00F821DE /* PBXTargetDependency */ = {
			isa = PBXTargetDependency;
			target = E928E7F32603FEE900F821DE /* Parstagram */;
			targetProxy = E928E80B2603FEEF00F821DE /* PBXContainerItemProxy */;
		};
		E928E8172603FEEF00F821DE /* PBXTargetDependency */ = {
			isa = PBXTargetDependency;
			target = E928E7F32603FEE900F821DE /* Parstagram */;
			targetProxy = E928E8162603FEEF00F821DE /* PBXContainerItemProxy */;
		};
/* End PBXTargetDependency section */

/* Begin PBXVariantGroup section */
		E928E7FD2603FEE900F821DE /* Main.storyboard */ = {
			isa = PBXVariantGroup;
			children = (
				E928E7FE2603FEE900F821DE /* Base */,
			);
			name = Main.storyboard;
			sourceTree = "<group>";
		};
		E928E8022603FEEE00F821DE /* LaunchScreen.storyboard */ = {
			isa = PBXVariantGroup;
			children = (
				E928E8032603FEEE00F821DE /* Base */,
			);
			name = LaunchScreen.storyboard;
			sourceTree = "<group>";
		};
/* End PBXVariantGroup section */

/* Begin XCBuildConfiguration section */
		E928E81C2603FEEF00F821DE /* Debug */ = {
			isa = XCBuildConfiguration;
			buildSettings = {
				ALWAYS_SEARCH_USER_PATHS = NO;
				CLANG_ANALYZER_NONNULL = YES;
				CLANG_ANALYZER_NUMBER_OBJECT_CONVERSION = YES_AGGRESSIVE;
				CLANG_CXX_LANGUAGE_STANDARD = "gnu++14";
				CLANG_CXX_LIBRARY = "libc++";
				CLANG_ENABLE_MODULES = YES;
				CLANG_ENABLE_OBJC_ARC = YES;
				CLANG_ENABLE_OBJC_WEAK = YES;
				CLANG_WARN_BLOCK_CAPTURE_AUTORELEASING = YES;
				CLANG_WARN_BOOL_CONVERSION = YES;
				CLANG_WARN_COMMA = YES;
				CLANG_WARN_CONSTANT_CONVERSION = YES;
				CLANG_WARN_DEPRECATED_OBJC_IMPLEMENTATIONS = YES;
				CLANG_WARN_DIRECT_OBJC_ISA_USAGE = YES_ERROR;
				CLANG_WARN_DOCUMENTATION_COMMENTS = YES;
				CLANG_WARN_EMPTY_BODY = YES;
				CLANG_WARN_ENUM_CONVERSION = YES;
				CLANG_WARN_INFINITE_RECURSION = YES;
				CLANG_WARN_INT_CONVERSION = YES;
				CLANG_WARN_NON_LITERAL_NULL_CONVERSION = YES;
				CLANG_WARN_OBJC_IMPLICIT_RETAIN_SELF = YES;
				CLANG_WARN_OBJC_LITERAL_CONVERSION = YES;
				CLANG_WARN_OBJC_ROOT_CLASS = YES_ERROR;
				CLANG_WARN_QUOTED_INCLUDE_IN_FRAMEWORK_HEADER = YES;
				CLANG_WARN_RANGE_LOOP_ANALYSIS = YES;
				CLANG_WARN_STRICT_PROTOTYPES = YES;
				CLANG_WARN_SUSPICIOUS_MOVE = YES;
				CLANG_WARN_UNGUARDED_AVAILABILITY = YES_AGGRESSIVE;
				CLANG_WARN_UNREACHABLE_CODE = YES;
				CLANG_WARN__DUPLICATE_METHOD_MATCH = YES;
				COPY_PHASE_STRIP = NO;
				DEBUG_INFORMATION_FORMAT = dwarf;
				ENABLE_STRICT_OBJC_MSGSEND = YES;
				ENABLE_TESTABILITY = YES;
				GCC_C_LANGUAGE_STANDARD = gnu11;
				GCC_DYNAMIC_NO_PIC = NO;
				GCC_NO_COMMON_BLOCKS = YES;
				GCC_OPTIMIZATION_LEVEL = 0;
				GCC_PREPROCESSOR_DEFINITIONS = (
					"DEBUG=1",
					"$(inherited)",
				);
				GCC_WARN_64_TO_32_BIT_CONVERSION = YES;
				GCC_WARN_ABOUT_RETURN_TYPE = YES_ERROR;
				GCC_WARN_UNDECLARED_SELECTOR = YES;
				GCC_WARN_UNINITIALIZED_AUTOS = YES_AGGRESSIVE;
				GCC_WARN_UNUSED_FUNCTION = YES;
				GCC_WARN_UNUSED_VARIABLE = YES;
				IPHONEOS_DEPLOYMENT_TARGET = 14.4;
				MTL_ENABLE_DEBUG_INFO = INCLUDE_SOURCE;
				MTL_FAST_MATH = YES;
				ONLY_ACTIVE_ARCH = YES;
				SDKROOT = iphoneos;
				SWIFT_ACTIVE_COMPILATION_CONDITIONS = DEBUG;
				SWIFT_OPTIMIZATION_LEVEL = "-Onone";
			};
			name = Debug;
		};
		E928E81D2603FEEF00F821DE /* Release */ = {
			isa = XCBuildConfiguration;
			buildSettings = {
				ALWAYS_SEARCH_USER_PATHS = NO;
				CLANG_ANALYZER_NONNULL = YES;
				CLANG_ANALYZER_NUMBER_OBJECT_CONVERSION = YES_AGGRESSIVE;
				CLANG_CXX_LANGUAGE_STANDARD = "gnu++14";
				CLANG_CXX_LIBRARY = "libc++";
				CLANG_ENABLE_MODULES = YES;
				CLANG_ENABLE_OBJC_ARC = YES;
				CLANG_ENABLE_OBJC_WEAK = YES;
				CLANG_WARN_BLOCK_CAPTURE_AUTORELEASING = YES;
				CLANG_WARN_BOOL_CONVERSION = YES;
				CLANG_WARN_COMMA = YES;
				CLANG_WARN_CONSTANT_CONVERSION = YES;
				CLANG_WARN_DEPRECATED_OBJC_IMPLEMENTATIONS = YES;
				CLANG_WARN_DIRECT_OBJC_ISA_USAGE = YES_ERROR;
				CLANG_WARN_DOCUMENTATION_COMMENTS = YES;
				CLANG_WARN_EMPTY_BODY = YES;
				CLANG_WARN_ENUM_CONVERSION = YES;
				CLANG_WARN_INFINITE_RECURSION = YES;
				CLANG_WARN_INT_CONVERSION = YES;
				CLANG_WARN_NON_LITERAL_NULL_CONVERSION = YES;
				CLANG_WARN_OBJC_IMPLICIT_RETAIN_SELF = YES;
				CLANG_WARN_OBJC_LITERAL_CONVERSION = YES;
				CLANG_WARN_OBJC_ROOT_CLASS = YES_ERROR;
				CLANG_WARN_QUOTED_INCLUDE_IN_FRAMEWORK_HEADER = YES;
				CLANG_WARN_RANGE_LOOP_ANALYSIS = YES;
				CLANG_WARN_STRICT_PROTOTYPES = YES;
				CLANG_WARN_SUSPICIOUS_MOVE = YES;
				CLANG_WARN_UNGUARDED_AVAILABILITY = YES_AGGRESSIVE;
				CLANG_WARN_UNREACHABLE_CODE = YES;
				CLANG_WARN__DUPLICATE_METHOD_MATCH = YES;
				COPY_PHASE_STRIP = NO;
				DEBUG_INFORMATION_FORMAT = "dwarf-with-dsym";
				ENABLE_NS_ASSERTIONS = NO;
				ENABLE_STRICT_OBJC_MSGSEND = YES;
				GCC_C_LANGUAGE_STANDARD = gnu11;
				GCC_NO_COMMON_BLOCKS = YES;
				GCC_WARN_64_TO_32_BIT_CONVERSION = YES;
				GCC_WARN_ABOUT_RETURN_TYPE = YES_ERROR;
				GCC_WARN_UNDECLARED_SELECTOR = YES;
				GCC_WARN_UNINITIALIZED_AUTOS = YES_AGGRESSIVE;
				GCC_WARN_UNUSED_FUNCTION = YES;
				GCC_WARN_UNUSED_VARIABLE = YES;
				IPHONEOS_DEPLOYMENT_TARGET = 14.4;
				MTL_ENABLE_DEBUG_INFO = NO;
				MTL_FAST_MATH = YES;
				SDKROOT = iphoneos;
				SWIFT_COMPILATION_MODE = wholemodule;
				SWIFT_OPTIMIZATION_LEVEL = "-O";
				VALIDATE_PRODUCT = YES;
			};
			name = Release;
		};
		E928E81F2603FEEF00F821DE /* Debug */ = {
			isa = XCBuildConfiguration;
			buildSettings = {
				ASSETCATALOG_COMPILER_APPICON_NAME = AppIcon;
				ASSETCATALOG_COMPILER_GLOBAL_ACCENT_COLOR_NAME = AccentColor;
				CODE_SIGN_STYLE = Automatic;
				INFOPLIST_FILE = Parstagram/Info.plist;
				LD_RUNPATH_SEARCH_PATHS = (
					"$(inherited)",
					"@executable_path/Frameworks",
				);
				PRODUCT_BUNDLE_IDENTIFIER = HarukaOshikawa.Parstagram;
				PRODUCT_NAME = "$(TARGET_NAME)";
				SWIFT_VERSION = 5.0;
				TARGETED_DEVICE_FAMILY = "1,2";
			};
			name = Debug;
		};
		E928E8202603FEEF00F821DE /* Release */ = {
			isa = XCBuildConfiguration;
			buildSettings = {
				ASSETCATALOG_COMPILER_APPICON_NAME = AppIcon;
				ASSETCATALOG_COMPILER_GLOBAL_ACCENT_COLOR_NAME = AccentColor;
				CODE_SIGN_STYLE = Automatic;
				INFOPLIST_FILE = Parstagram/Info.plist;
				LD_RUNPATH_SEARCH_PATHS = (
					"$(inherited)",
					"@executable_path/Frameworks",
				);
				PRODUCT_BUNDLE_IDENTIFIER = HarukaOshikawa.Parstagram;
				PRODUCT_NAME = "$(TARGET_NAME)";
				SWIFT_VERSION = 5.0;
				TARGETED_DEVICE_FAMILY = "1,2";
			};
			name = Release;
		};
		E928E8222603FEEF00F821DE /* Debug */ = {
			isa = XCBuildConfiguration;
			buildSettings = {
				ALWAYS_EMBED_SWIFT_STANDARD_LIBRARIES = YES;
				BUNDLE_LOADER = "$(TEST_HOST)";
				CODE_SIGN_STYLE = Automatic;
				INFOPLIST_FILE = ParstagramTests/Info.plist;
				IPHONEOS_DEPLOYMENT_TARGET = 14.4;
				LD_RUNPATH_SEARCH_PATHS = (
					"$(inherited)",
					"@executable_path/Frameworks",
					"@loader_path/Frameworks",
				);
				PRODUCT_BUNDLE_IDENTIFIER = HarukaOshikawa.ParstagramTests;
				PRODUCT_NAME = "$(TARGET_NAME)";
				SWIFT_VERSION = 5.0;
				TARGETED_DEVICE_FAMILY = "1,2";
				TEST_HOST = "$(BUILT_PRODUCTS_DIR)/Parstagram.app/Parstagram";
			};
			name = Debug;
		};
		E928E8232603FEEF00F821DE /* Release */ = {
			isa = XCBuildConfiguration;
			buildSettings = {
				ALWAYS_EMBED_SWIFT_STANDARD_LIBRARIES = YES;
				BUNDLE_LOADER = "$(TEST_HOST)";
				CODE_SIGN_STYLE = Automatic;
				INFOPLIST_FILE = ParstagramTests/Info.plist;
				IPHONEOS_DEPLOYMENT_TARGET = 14.4;
				LD_RUNPATH_SEARCH_PATHS = (
					"$(inherited)",
					"@executable_path/Frameworks",
					"@loader_path/Frameworks",
				);
				PRODUCT_BUNDLE_IDENTIFIER = HarukaOshikawa.ParstagramTests;
				PRODUCT_NAME = "$(TARGET_NAME)";
				SWIFT_VERSION = 5.0;
				TARGETED_DEVICE_FAMILY = "1,2";
				TEST_HOST = "$(BUILT_PRODUCTS_DIR)/Parstagram.app/Parstagram";
			};
			name = Release;
		};
		E928E8252603FEEF00F821DE /* Debug */ = {
			isa = XCBuildConfiguration;
			buildSettings = {
				ALWAYS_EMBED_SWIFT_STANDARD_LIBRARIES = YES;
				CODE_SIGN_STYLE = Automatic;
				INFOPLIST_FILE = ParstagramUITests/Info.plist;
				LD_RUNPATH_SEARCH_PATHS = (
					"$(inherited)",
					"@executable_path/Frameworks",
					"@loader_path/Frameworks",
				);
				PRODUCT_BUNDLE_IDENTIFIER = HarukaOshikawa.ParstagramUITests;
				PRODUCT_NAME = "$(TARGET_NAME)";
				SWIFT_VERSION = 5.0;
				TARGETED_DEVICE_FAMILY = "1,2";
				TEST_TARGET_NAME = Parstagram;
			};
			name = Debug;
		};
		E928E8262603FEEF00F821DE /* Release */ = {
			isa = XCBuildConfiguration;
			buildSettings = {
				ALWAYS_EMBED_SWIFT_STANDARD_LIBRARIES = YES;
				CODE_SIGN_STYLE = Automatic;
				INFOPLIST_FILE = ParstagramUITests/Info.plist;
				LD_RUNPATH_SEARCH_PATHS = (
					"$(inherited)",
					"@executable_path/Frameworks",
					"@loader_path/Frameworks",
				);
				PRODUCT_BUNDLE_IDENTIFIER = HarukaOshikawa.ParstagramUITests;
				PRODUCT_NAME = "$(TARGET_NAME)";
				SWIFT_VERSION = 5.0;
				TARGETED_DEVICE_FAMILY = "1,2";
				TEST_TARGET_NAME = Parstagram;
			};
			name = Release;
		};
/* End XCBuildConfiguration section */

/* Begin XCConfigurationList section */
		E928E7EF2603FEE900F821DE /* Build configuration list for PBXProject "Parstagram" */ = {
			isa = XCConfigurationList;
			buildConfigurations = (
				E928E81C2603FEEF00F821DE /* Debug */,
				E928E81D2603FEEF00F821DE /* Release */,
			);
			defaultConfigurationIsVisible = 0;
			defaultConfigurationName = Release;
		};
		E928E81E2603FEEF00F821DE /* Build configuration list for PBXNativeTarget "Parstagram" */ = {
			isa = XCConfigurationList;
			buildConfigurations = (
				E928E81F2603FEEF00F821DE /* Debug */,
				E928E8202603FEEF00F821DE /* Release */,
			);
			defaultConfigurationIsVisible = 0;
			defaultConfigurationName = Release;
		};
		E928E8212603FEEF00F821DE /* Build configuration list for PBXNativeTarget "ParstagramTests" */ = {
			isa = XCConfigurationList;
			buildConfigurations = (
				E928E8222603FEEF00F821DE /* Debug */,
				E928E8232603FEEF00F821DE /* Release */,
			);
			defaultConfigurationIsVisible = 0;
			defaultConfigurationName = Release;
		};
		E928E8242603FEEF00F821DE /* Build configuration list for PBXNativeTarget "ParstagramUITests" */ = {
			isa = XCConfigurationList;
			buildConfigurations = (
				E928E8252603FEEF00F821DE /* Debug */,
				E928E8262603FEEF00F821DE /* Release */,
			);
			defaultConfigurationIsVisible = 0;
			defaultConfigurationName = Release;
		};
/* End XCConfigurationList section */
	};
	rootObject = E928E7EC2603FEE900F821DE /* Project object */;
}
